// !$*UTF8*$!
{
	archiveVersion = 1;
	classes = {
	};
	objectVersion = 50;
	objects = {

/* Begin PBXBuildFile section */
		3BBAA5D521F7F55900861707 /* AppDelegate.swift in Sources */ = {isa = PBXBuildFile; fileRef = 3BBAA5D421F7F55900861707 /* AppDelegate.swift */; };
		3BBAA5DA21F7F55900861707 /* Main.storyboard in Resources */ = {isa = PBXBuildFile; fileRef = 3BBAA5D821F7F55900861707 /* Main.storyboard */; };
		3BBAA5DC21F7F55A00861707 /* Assets.xcassets in Resources */ = {isa = PBXBuildFile; fileRef = 3BBAA5DB21F7F55A00861707 /* Assets.xcassets */; };
		3BBAA5DF21F7F55A00861707 /* LaunchScreen.storyboard in Resources */ = {isa = PBXBuildFile; fileRef = 3BBAA5DD21F7F55A00861707 /* LaunchScreen.storyboard */; };
		3BBAA5ED21F7FC2B00861707 /* TimeTable.storyboard in Resources */ = {isa = PBXBuildFile; fileRef = 3BBAA5EC21F7FC2B00861707 /* TimeTable.storyboard */; };
		3BBAA5EF21F7FC6200861707 /* TimeTableViewController.swift in Sources */ = {isa = PBXBuildFile; fileRef = 3BBAA5EE21F7FC6200861707 /* TimeTableViewController.swift */; };
		3BBAA5F321F82A1200861707 /* MainViewController.swift in Sources */ = {isa = PBXBuildFile; fileRef = 3BBAA5F221F82A1200861707 /* MainViewController.swift */; };
		3BBAA5F721F835C500861707 /* RecommandationViewController.swift in Sources */ = {isa = PBXBuildFile; fileRef = 3BBAA5F621F835C500861707 /* RecommandationViewController.swift */; };
		3BBAA5F921F835D300861707 /* Recommandation.storyboard in Resources */ = {isa = PBXBuildFile; fileRef = 3BBAA5F821F835D300861707 /* Recommandation.storyboard */; };
		3BBAA5FD21F839EF00861707 /* MyProfileViewController.swift in Sources */ = {isa = PBXBuildFile; fileRef = 3BBAA5FC21F839EF00861707 /* MyProfileViewController.swift */; };
		3BBAA5FF21F839FA00861707 /* MyProfile.storyboard in Resources */ = {isa = PBXBuildFile; fileRef = 3BBAA5FE21F839FA00861707 /* MyProfile.storyboard */; };
		47B4FE4221F854AC009A0E39 /* NetworkManager.swift in Sources */ = {isa = PBXBuildFile; fileRef = 47B4FE4121F854AC009A0E39 /* NetworkManager.swift */; };
		47B4FE4421F85E73009A0E39 /* firebase.plist in Resources */ = {isa = PBXBuildFile; fileRef = 47B4FE4321F85E73009A0E39 /* firebase.plist */; };
/* End PBXBuildFile section */

/* Begin PBXFileReference section */
		3BBAA5D121F7F55900861707 /* team-d2.app */ = {isa = PBXFileReference; explicitFileType = wrapper.application; includeInIndex = 0; path = "team-d2.app"; sourceTree = BUILT_PRODUCTS_DIR; };
		3BBAA5D421F7F55900861707 /* AppDelegate.swift */ = {isa = PBXFileReference; lastKnownFileType = sourcecode.swift; path = AppDelegate.swift; sourceTree = "<group>"; };
		3BBAA5D921F7F55900861707 /* Base */ = {isa = PBXFileReference; lastKnownFileType = file.storyboard; name = Base; path = Base.lproj/Main.storyboard; sourceTree = "<group>"; };
		3BBAA5DB21F7F55A00861707 /* Assets.xcassets */ = {isa = PBXFileReference; lastKnownFileType = folder.assetcatalog; path = Assets.xcassets; sourceTree = "<group>"; };
		3BBAA5DE21F7F55A00861707 /* Base */ = {isa = PBXFileReference; lastKnownFileType = file.storyboard; name = Base; path = Base.lproj/LaunchScreen.storyboard; sourceTree = "<group>"; };
		3BBAA5E021F7F55A00861707 /* Info.plist */ = {isa = PBXFileReference; lastKnownFileType = text.plist.xml; path = Info.plist; sourceTree = "<group>"; };
		3BBAA5EC21F7FC2B00861707 /* TimeTable.storyboard */ = {isa = PBXFileReference; lastKnownFileType = file.storyboard; path = TimeTable.storyboard; sourceTree = "<group>"; };
		3BBAA5EE21F7FC6200861707 /* TimeTableViewController.swift */ = {isa = PBXFileReference; lastKnownFileType = sourcecode.swift; path = TimeTableViewController.swift; sourceTree = "<group>"; };
		3BBAA5F221F82A1200861707 /* MainViewController.swift */ = {isa = PBXFileReference; lastKnownFileType = sourcecode.swift; path = MainViewController.swift; sourceTree = "<group>"; };
		3BBAA5F621F835C500861707 /* RecommandationViewController.swift */ = {isa = PBXFileReference; lastKnownFileType = sourcecode.swift; path = RecommandationViewController.swift; sourceTree = "<group>"; };
		3BBAA5F821F835D300861707 /* Recommandation.storyboard */ = {isa = PBXFileReference; lastKnownFileType = file.storyboard; path = Recommandation.storyboard; sourceTree = "<group>"; };
		3BBAA5FC21F839EF00861707 /* MyProfileViewController.swift */ = {isa = PBXFileReference; lastKnownFileType = sourcecode.swift; path = MyProfileViewController.swift; sourceTree = "<group>"; };
		3BBAA5FE21F839FA00861707 /* MyProfile.storyboard */ = {isa = PBXFileReference; lastKnownFileType = file.storyboard; path = MyProfile.storyboard; sourceTree = "<group>"; };
		47B4FE4121F854AC009A0E39 /* NetworkManager.swift */ = {isa = PBXFileReference; lastKnownFileType = sourcecode.swift; path = NetworkManager.swift; sourceTree = "<group>"; };
		47B4FE4321F85E73009A0E39 /* firebase.plist */ = {isa = PBXFileReference; lastKnownFileType = text.plist.xml; path = firebase.plist; sourceTree = "<group>"; };
/* End PBXFileReference section */

/* Begin PBXFrameworksBuildPhase section */
		3BBAA5CE21F7F55900861707 /* Frameworks */ = {
			isa = PBXFrameworksBuildPhase;
			buildActionMask = 2147483647;
			files = (
			);
			runOnlyForDeploymentPostprocessing = 0;
		};
/* End PBXFrameworksBuildPhase section */

/* Begin PBXGroup section */
		3BBAA5C821F7F55800861707 = {
			isa = PBXGroup;
			children = (
				3BBAA5D321F7F55900861707 /* team-d2 */,
				3BBAA5D221F7F55900861707 /* Products */,
			);
			sourceTree = "<group>";
		};
		3BBAA5D221F7F55900861707 /* Products */ = {
			isa = PBXGroup;
			children = (
				3BBAA5D121F7F55900861707 /* team-d2.app */,
			);
			name = Products;
			sourceTree = "<group>";
		};
		3BBAA5D321F7F55900861707 /* team-d2 */ = {
			isa = PBXGroup;
			children = (
				47B4FE4021F85238009A0E39 /* Network */,
				3BBAA5EA21F7FBAB00861707 /* Support */,
				3BBAA5E921F7FBA200861707 /* Resources */,
				3BBAA5E721F7FB7100861707 /* ViewControllers */,
				3BBAA5D421F7F55900861707 /* AppDelegate.swift */,
			);
			path = "team-d2";
			sourceTree = "<group>";
		};
		3BBAA5E721F7FB7100861707 /* ViewControllers */ = {
			isa = PBXGroup;
			children = (
				3BBAA5FB21F839C400861707 /* MyProfileViewController */,
				3BBAA5FA21F839B500861707 /* RecommandationViewController */,
				3BBAA5EB21F7FC0500861707 /* TimeTableViewController */,
				3BBAA5D821F7F55900861707 /* Main.storyboard */,
				3BBAA5F221F82A1200861707 /* MainViewController.swift */,
			);
			path = ViewControllers;
			sourceTree = "<group>";
		};
		3BBAA5E921F7FBA200861707 /* Resources */ = {
			isa = PBXGroup;
			children = (
				3BBAA5DB21F7F55A00861707 /* Assets.xcassets */,
				3BBAA5DD21F7F55A00861707 /* LaunchScreen.storyboard */,
			);
			path = Resources;
			sourceTree = "<group>";
		};
		3BBAA5EA21F7FBAB00861707 /* Support */ = {
			isa = PBXGroup;
			children = (
				3BBAA5E021F7F55A00861707 /* Info.plist */,
				47B4FE4321F85E73009A0E39 /* firebase.plist */,
			);
			path = Support;
			sourceTree = "<group>";
		};
		3BBAA5EB21F7FC0500861707 /* TimeTableViewController */ = {
			isa = PBXGroup;
			children = (
				3BBAA5EE21F7FC6200861707 /* TimeTableViewController.swift */,
				3BBAA5EC21F7FC2B00861707 /* TimeTable.storyboard */,
			);
			path = TimeTableViewController;
			sourceTree = "<group>";
		};
		3BBAA5FA21F839B500861707 /* RecommandationViewController */ = {
			isa = PBXGroup;
			children = (
				3BBAA5F621F835C500861707 /* RecommandationViewController.swift */,
				3BBAA5F821F835D300861707 /* Recommandation.storyboard */,
			);
			path = RecommandationViewController;
			sourceTree = "<group>";
		};
		3BBAA5FB21F839C400861707 /* MyProfileViewController */ = {
			isa = PBXGroup;
			children = (
				3BBAA5FC21F839EF00861707 /* MyProfileViewController.swift */,
				3BBAA5FE21F839FA00861707 /* MyProfile.storyboard */,
			);
			path = MyProfileViewController;
			sourceTree = "<group>";
		};
		47B4FE4021F85238009A0E39 /* Network */ = {
			isa = PBXGroup;
			children = (
				47B4FE4121F854AC009A0E39 /* NetworkManager.swift */,
			);
			path = Network;
			sourceTree = "<group>";
		};
/* End PBXGroup section */

/* Begin PBXNativeTarget section */
		3BBAA5D021F7F55900861707 /* team-d2 */ = {
			isa = PBXNativeTarget;
			buildConfigurationList = 3BBAA5E321F7F55A00861707 /* Build configuration list for PBXNativeTarget "team-d2" */;
			buildPhases = (
				3BBAA5CD21F7F55900861707 /* Sources */,
				3BBAA5CE21F7F55900861707 /* Frameworks */,
				3BBAA5CF21F7F55900861707 /* Resources */,
			);
			buildRules = (
			);
			dependencies = (
			);
			name = "team-d2";
			productName = "team-d2";
			productReference = 3BBAA5D121F7F55900861707 /* team-d2.app */;
			productType = "com.apple.product-type.application";
		};
/* End PBXNativeTarget section */

/* Begin PBXProject section */
		3BBAA5C921F7F55800861707 /* Project object */ = {
			isa = PBXProject;
			attributes = {
				LastSwiftUpdateCheck = 1010;
				LastUpgradeCheck = 1010;
				ORGANIZATIONNAME = boostcamp;
				TargetAttributes = {
					3BBAA5D021F7F55900861707 = {
						CreatedOnToolsVersion = 10.1;
					};
				};
			};
			buildConfigurationList = 3BBAA5CC21F7F55800861707 /* Build configuration list for PBXProject "team-d2" */;
			compatibilityVersion = "Xcode 9.3";
			developmentRegion = en;
			hasScannedForEncodings = 0;
			knownRegions = (
				en,
				Base,
			);
			mainGroup = 3BBAA5C821F7F55800861707;
			productRefGroup = 3BBAA5D221F7F55900861707 /* Products */;
			projectDirPath = "";
			projectRoot = "";
			targets = (
				3BBAA5D021F7F55900861707 /* team-d2 */,
			);
		};
/* End PBXProject section */

/* Begin PBXResourcesBuildPhase section */
		3BBAA5CF21F7F55900861707 /* Resources */ = {
			isa = PBXResourcesBuildPhase;
			buildActionMask = 2147483647;
			files = (
				3BBAA5DF21F7F55A00861707 /* LaunchScreen.storyboard in Resources */,
				3BBAA5DC21F7F55A00861707 /* Assets.xcassets in Resources */,
				3BBAA5F921F835D300861707 /* Recommandation.storyboard in Resources */,
				3BBAA5FF21F839FA00861707 /* MyProfile.storyboard in Resources */,
				3BBAA5DA21F7F55900861707 /* Main.storyboard in Resources */,
				3BBAA5ED21F7FC2B00861707 /* TimeTable.storyboard in Resources */,
				47B4FE4421F85E73009A0E39 /* firebase.plist in Resources */,
			);
			runOnlyForDeploymentPostprocessing = 0;
		};
/* End PBXResourcesBuildPhase section */

/* Begin PBXSourcesBuildPhase section */
		3BBAA5CD21F7F55900861707 /* Sources */ = {
			isa = PBXSourcesBuildPhase;
			buildActionMask = 2147483647;
			files = (
				47B4FE4221F854AC009A0E39 /* NetworkManager.swift in Sources */,
				3BBAA5FD21F839EF00861707 /* MyProfileViewController.swift in Sources */,
				3BBAA5F321F82A1200861707 /* MainViewController.swift in Sources */,
				3BBAA5F721F835C500861707 /* RecommandationViewController.swift in Sources */,
				3BBAA5D521F7F55900861707 /* AppDelegate.swift in Sources */,
				3BBAA5EF21F7FC6200861707 /* TimeTableViewController.swift in Sources */,
			);
			runOnlyForDeploymentPostprocessing = 0;
		};
/* End PBXSourcesBuildPhase section */

/* Begin PBXVariantGroup section */
		3BBAA5D821F7F55900861707 /* Main.storyboard */ = {
			isa = PBXVariantGroup;
			children = (
				3BBAA5D921F7F55900861707 /* Base */,
			);
			name = Main.storyboard;
			sourceTree = "<group>";
		};
		3BBAA5DD21F7F55A00861707 /* LaunchScreen.storyboard */ = {
			isa = PBXVariantGroup;
			children = (
				3BBAA5DE21F7F55A00861707 /* Base */,
			);
			name = LaunchScreen.storyboard;
			sourceTree = "<group>";
		};
/* End PBXVariantGroup section */

/* Begin XCBuildConfiguration section */
		3BBAA5E121F7F55A00861707 /* Debug */ = {
			isa = XCBuildConfiguration;
			buildSettings = {
				ALWAYS_SEARCH_USER_PATHS = NO;
				CLANG_ANALYZER_NONNULL = YES;
				CLANG_ANALYZER_NUMBER_OBJECT_CONVERSION = YES_AGGRESSIVE;
				CLANG_CXX_LANGUAGE_STANDARD = "gnu++14";
				CLANG_CXX_LIBRARY = "libc++";
				CLANG_ENABLE_MODULES = YES;
				CLANG_ENABLE_OBJC_ARC = YES;
				CLANG_ENABLE_OBJC_WEAK = YES;
				CLANG_WARN_BLOCK_CAPTURE_AUTORELEASING = YES;
				CLANG_WARN_BOOL_CONVERSION = YES;
				CLANG_WARN_COMMA = YES;
				CLANG_WARN_CONSTANT_CONVERSION = YES;
				CLANG_WARN_DEPRECATED_OBJC_IMPLEMENTATIONS = YES;
				CLANG_WARN_DIRECT_OBJC_ISA_USAGE = YES_ERROR;
				CLANG_WARN_DOCUMENTATION_COMMENTS = YES;
				CLANG_WARN_EMPTY_BODY = YES;
				CLANG_WARN_ENUM_CONVERSION = YES;
				CLANG_WARN_INFINITE_RECURSION = YES;
				CLANG_WARN_INT_CONVERSION = YES;
				CLANG_WARN_NON_LITERAL_NULL_CONVERSION = YES;
				CLANG_WARN_OBJC_IMPLICIT_RETAIN_SELF = YES;
				CLANG_WARN_OBJC_LITERAL_CONVERSION = YES;
				CLANG_WARN_OBJC_ROOT_CLASS = YES_ERROR;
				CLANG_WARN_RANGE_LOOP_ANALYSIS = YES;
				CLANG_WARN_STRICT_PROTOTYPES = YES;
				CLANG_WARN_SUSPICIOUS_MOVE = YES;
				CLANG_WARN_UNGUARDED_AVAILABILITY = YES_AGGRESSIVE;
				CLANG_WARN_UNREACHABLE_CODE = YES;
				CLANG_WARN__DUPLICATE_METHOD_MATCH = YES;
				CODE_SIGN_IDENTITY = "iPhone Developer";
				COPY_PHASE_STRIP = NO;
				DEBUG_INFORMATION_FORMAT = dwarf;
				ENABLE_STRICT_OBJC_MSGSEND = YES;
				ENABLE_TESTABILITY = YES;
				GCC_C_LANGUAGE_STANDARD = gnu11;
				GCC_DYNAMIC_NO_PIC = NO;
				GCC_NO_COMMON_BLOCKS = YES;
				GCC_OPTIMIZATION_LEVEL = 0;
				GCC_PREPROCESSOR_DEFINITIONS = (
					"DEBUG=1",
					"$(inherited)",
				);
				GCC_WARN_64_TO_32_BIT_CONVERSION = YES;
				GCC_WARN_ABOUT_RETURN_TYPE = YES_ERROR;
				GCC_WARN_UNDECLARED_SELECTOR = YES;
				GCC_WARN_UNINITIALIZED_AUTOS = YES_AGGRESSIVE;
				GCC_WARN_UNUSED_FUNCTION = YES;
				GCC_WARN_UNUSED_VARIABLE = YES;
				IPHONEOS_DEPLOYMENT_TARGET = 12.1;
				MTL_ENABLE_DEBUG_INFO = INCLUDE_SOURCE;
				MTL_FAST_MATH = YES;
				ONLY_ACTIVE_ARCH = YES;
				SDKROOT = iphoneos;
				SWIFT_ACTIVE_COMPILATION_CONDITIONS = DEBUG;
				SWIFT_OPTIMIZATION_LEVEL = "-Onone";
			};
			name = Debug;
		};
		3BBAA5E221F7F55A00861707 /* Release */ = {
			isa = XCBuildConfiguration;
			buildSettings = {
				ALWAYS_SEARCH_USER_PATHS = NO;
				CLANG_ANALYZER_NONNULL = YES;
				CLANG_ANALYZER_NUMBER_OBJECT_CONVERSION = YES_AGGRESSIVE;
				CLANG_CXX_LANGUAGE_STANDARD = "gnu++14";
				CLANG_CXX_LIBRARY = "libc++";
				CLANG_ENABLE_MODULES = YES;
				CLANG_ENABLE_OBJC_ARC = YES;
				CLANG_ENABLE_OBJC_WEAK = YES;
				CLANG_WARN_BLOCK_CAPTURE_AUTORELEASING = YES;
				CLANG_WARN_BOOL_CONVERSION = YES;
				CLANG_WARN_COMMA = YES;
				CLANG_WARN_CONSTANT_CONVERSION = YES;
				CLANG_WARN_DEPRECATED_OBJC_IMPLEMENTATIONS = YES;
				CLANG_WARN_DIRECT_OBJC_ISA_USAGE = YES_ERROR;
				CLANG_WARN_DOCUMENTATION_COMMENTS = YES;
				CLANG_WARN_EMPTY_BODY = YES;
				CLANG_WARN_ENUM_CONVERSION = YES;
				CLANG_WARN_INFINITE_RECURSION = YES;
				CLANG_WARN_INT_CONVERSION = YES;
				CLANG_WARN_NON_LITERAL_NULL_CONVERSION = YES;
				CLANG_WARN_OBJC_IMPLICIT_RETAIN_SELF = YES;
				CLANG_WARN_OBJC_LITERAL_CONVERSION = YES;
				CLANG_WARN_OBJC_ROOT_CLASS = YES_ERROR;
				CLANG_WARN_RANGE_LOOP_ANALYSIS = YES;
				CLANG_WARN_STRICT_PROTOTYPES = YES;
				CLANG_WARN_SUSPICIOUS_MOVE = YES;
				CLANG_WARN_UNGUARDED_AVAILABILITY = YES_AGGRESSIVE;
				CLANG_WARN_UNREACHABLE_CODE = YES;
				CLANG_WARN__DUPLICATE_METHOD_MATCH = YES;
				CODE_SIGN_IDENTITY = "iPhone Developer";
				COPY_PHASE_STRIP = NO;
				DEBUG_INFORMATION_FORMAT = "dwarf-with-dsym";
				ENABLE_NS_ASSERTIONS = NO;
				ENABLE_STRICT_OBJC_MSGSEND = YES;
				GCC_C_LANGUAGE_STANDARD = gnu11;
				GCC_NO_COMMON_BLOCKS = YES;
				GCC_WARN_64_TO_32_BIT_CONVERSION = YES;
				GCC_WARN_ABOUT_RETURN_TYPE = YES_ERROR;
				GCC_WARN_UNDECLARED_SELECTOR = YES;
				GCC_WARN_UNINITIALIZED_AUTOS = YES_AGGRESSIVE;
				GCC_WARN_UNUSED_FUNCTION = YES;
				GCC_WARN_UNUSED_VARIABLE = YES;
				IPHONEOS_DEPLOYMENT_TARGET = 12.1;
				MTL_ENABLE_DEBUG_INFO = NO;
				MTL_FAST_MATH = YES;
				SDKROOT = iphoneos;
				SWIFT_COMPILATION_MODE = wholemodule;
				SWIFT_OPTIMIZATION_LEVEL = "-O";
				VALIDATE_PRODUCT = YES;
			};
			name = Release;
		};
		3BBAA5E421F7F55A00861707 /* Debug */ = {
			isa = XCBuildConfiguration;
			buildSettings = {
				ASSETCATALOG_COMPILER_APPICON_NAME = AppIcon;
				CODE_SIGN_STYLE = Automatic;
				INFOPLIST_FILE = "$(SRCROOT)/team-d2/Support/Info.plist";
				LD_RUNPATH_SEARCH_PATHS = (
					"$(inherited)",
					"@executable_path/Frameworks",
				);
				PRODUCT_BUNDLE_IDENTIFIER = "co.kr.connect.boostcamp.team-d2";
				PRODUCT_NAME = "$(TARGET_NAME)";
				SWIFT_VERSION = 4.2;
				TARGETED_DEVICE_FAMILY = "1,2";
			};
			name = Debug;
		};
		3BBAA5E521F7F55A00861707 /* Release */ = {
			isa = XCBuildConfiguration;
			buildSettings = {
				ASSETCATALOG_COMPILER_APPICON_NAME = AppIcon;
				CODE_SIGN_STYLE = Automatic;
				INFOPLIST_FILE = "$(SRCROOT)/team-d2/Support/Info.plist";
				LD_RUNPATH_SEARCH_PATHS = (
					"$(inherited)",
					"@executable_path/Frameworks",
				);
				PRODUCT_BUNDLE_IDENTIFIER = "co.kr.connect.boostcamp.team-d2";
				PRODUCT_NAME = "$(TARGET_NAME)";
				SWIFT_VERSION = 4.2;
				TARGETED_DEVICE_FAMILY = "1,2";
			};
			name = Release;
		};
/* End XCBuildConfiguration section */

/* Begin XCConfigurationList section */
		3BBAA5CC21F7F55800861707 /* Build configuration list for PBXProject "team-d2" */ = {
			isa = XCConfigurationList;
			buildConfigurations = (
				3BBAA5E121F7F55A00861707 /* Debug */,
				3BBAA5E221F7F55A00861707 /* Release */,
			);
			defaultConfigurationIsVisible = 0;
			defaultConfigurationName = Release;
		};
		3BBAA5E321F7F55A00861707 /* Build configuration list for PBXNativeTarget "team-d2" */ = {
			isa = XCConfigurationList;
			buildConfigurations = (
				3BBAA5E421F7F55A00861707 /* Debug */,
				3BBAA5E521F7F55A00861707 /* Release */,
			);
			defaultConfigurationIsVisible = 0;
			defaultConfigurationName = Release;
		};
/* End XCConfigurationList section */
	};
	rootObject = 3BBAA5C921F7F55800861707 /* Project object */;
}
