// !$*UTF8*$!
{
	archiveVersion = 1;
	classes = {
	};
	objectVersion = 50;
	objects = {

/* Begin PBXBuildFile section */
		3BBAA6D321FFE0B300861707 /* TabBarViewController.swift in Sources */ = {isa = PBXBuildFile; fileRef = 3BBAA6D221FFE0B300861707 /* TabBarViewController.swift */; };
		3BBAA6D621FFE5BA00861707 /* CacheViewController.swift in Sources */ = {isa = PBXBuildFile; fileRef = 3BBAA6D521FFE5BA00861707 /* CacheViewController.swift */; };
		3BBAA6D821FFE5EF00861707 /* SeriesViewController.swift in Sources */ = {isa = PBXBuildFile; fileRef = 3BBAA6D721FFE5EF00861707 /* SeriesViewController.swift */; };
		3BBAA6DA21FFE67000861707 /* ComingSoonFreeViewController.swift in Sources */ = {isa = PBXBuildFile; fileRef = 3BBAA6D921FFE67000861707 /* ComingSoonFreeViewController.swift */; };
		3BBAA6DC21FFE67900861707 /* PickViewController.swift in Sources */ = {isa = PBXBuildFile; fileRef = 3BBAA6DB21FFE67900861707 /* PickViewController.swift */; };
		3BBAA6DE21FFE68E00861707 /* CompletionViewController.swift in Sources */ = {isa = PBXBuildFile; fileRef = 3BBAA6DD21FFE68E00861707 /* CompletionViewController.swift */; };
		3BBAA6E22200207800861707 /* TabBar.storyboard in Resources */ = {isa = PBXBuildFile; fileRef = 3BBAA6E12200207800861707 /* TabBar.storyboard */; };
		B8ABD49D21FEACD800454AF3 /* AppDelegate.swift in Sources */ = {isa = PBXBuildFile; fileRef = B8ABD49C21FEACD800454AF3 /* AppDelegate.swift */; };
		B8ABD49F21FEACD800454AF3 /* ViewController.swift in Sources */ = {isa = PBXBuildFile; fileRef = B8ABD49E21FEACD800454AF3 /* ViewController.swift */; };
		B8ABD4A221FEACD800454AF3 /* Main.storyboard in Resources */ = {isa = PBXBuildFile; fileRef = B8ABD4A021FEACD800454AF3 /* Main.storyboard */; };
		B8ABD4A421FEACD900454AF3 /* Assets.xcassets in Resources */ = {isa = PBXBuildFile; fileRef = B8ABD4A321FEACD900454AF3 /* Assets.xcassets */; };
		B8ABD4A721FEACDA00454AF3 /* LaunchScreen.storyboard in Resources */ = {isa = PBXBuildFile; fileRef = B8ABD4A521FEACDA00454AF3 /* LaunchScreen.storyboard */; };
/* End PBXBuildFile section */

/* Begin PBXFileReference section */
		3BBAA6D221FFE0B300861707 /* TabBarViewController.swift */ = {isa = PBXFileReference; lastKnownFileType = sourcecode.swift; path = TabBarViewController.swift; sourceTree = "<group>"; };
		3BBAA6D521FFE5BA00861707 /* CacheViewController.swift */ = {isa = PBXFileReference; lastKnownFileType = sourcecode.swift; path = CacheViewController.swift; sourceTree = "<group>"; };
		3BBAA6D721FFE5EF00861707 /* SeriesViewController.swift */ = {isa = PBXFileReference; lastKnownFileType = sourcecode.swift; path = SeriesViewController.swift; sourceTree = "<group>"; };
		3BBAA6D921FFE67000861707 /* ComingSoonFreeViewController.swift */ = {isa = PBXFileReference; lastKnownFileType = sourcecode.swift; path = ComingSoonFreeViewController.swift; sourceTree = "<group>"; };
		3BBAA6DB21FFE67900861707 /* PickViewController.swift */ = {isa = PBXFileReference; lastKnownFileType = sourcecode.swift; path = PickViewController.swift; sourceTree = "<group>"; };
		3BBAA6DD21FFE68E00861707 /* CompletionViewController.swift */ = {isa = PBXFileReference; lastKnownFileType = sourcecode.swift; path = CompletionViewController.swift; sourceTree = "<group>"; };
		3BBAA6E12200207800861707 /* TabBar.storyboard */ = {isa = PBXFileReference; lastKnownFileType = file.storyboard; path = TabBar.storyboard; sourceTree = "<group>"; };
		B8ABD49921FEACD800454AF3 /* DaumWebtoon.app */ = {isa = PBXFileReference; explicitFileType = wrapper.application; includeInIndex = 0; path = DaumWebtoon.app; sourceTree = BUILT_PRODUCTS_DIR; };
		B8ABD49C21FEACD800454AF3 /* AppDelegate.swift */ = {isa = PBXFileReference; lastKnownFileType = sourcecode.swift; path = AppDelegate.swift; sourceTree = "<group>"; };
		B8ABD49E21FEACD800454AF3 /* ViewController.swift */ = {isa = PBXFileReference; lastKnownFileType = sourcecode.swift; path = ViewController.swift; sourceTree = "<group>"; };
		B8ABD4A121FEACD800454AF3 /* Base */ = {isa = PBXFileReference; lastKnownFileType = file.storyboard; name = Base; path = Base.lproj/Main.storyboard; sourceTree = "<group>"; };
		B8ABD4A321FEACD900454AF3 /* Assets.xcassets */ = {isa = PBXFileReference; lastKnownFileType = folder.assetcatalog; path = Assets.xcassets; sourceTree = "<group>"; };
		B8ABD4A621FEACDA00454AF3 /* Base */ = {isa = PBXFileReference; lastKnownFileType = file.storyboard; name = Base; path = Base.lproj/LaunchScreen.storyboard; sourceTree = "<group>"; };
		B8ABD4A821FEACDA00454AF3 /* Info.plist */ = {isa = PBXFileReference; lastKnownFileType = text.plist.xml; path = Info.plist; sourceTree = "<group>"; };
/* End PBXFileReference section */

/* Begin PBXFrameworksBuildPhase section */
		B8ABD49621FEACD800454AF3 /* Frameworks */ = {
			isa = PBXFrameworksBuildPhase;
			buildActionMask = 2147483647;
			files = (
			);
			runOnlyForDeploymentPostprocessing = 0;
		};
/* End PBXFrameworksBuildPhase section */

/* Begin PBXGroup section */
		3BBAA6D121FFE07500861707 /* ViewControllers */ = {
			isa = PBXGroup;
			children = (
				3BBAA6D421FFE59B00861707 /* TabBar */,
			);
			path = ViewControllers;
			sourceTree = "<group>";
		};
		3BBAA6D421FFE59B00861707 /* TabBar */ = {
			isa = PBXGroup;
			children = (
				3BBAA6D221FFE0B300861707 /* TabBarViewController.swift */,
				3BBAA6D521FFE5BA00861707 /* CacheViewController.swift */,
				3BBAA6D721FFE5EF00861707 /* SeriesViewController.swift */,
				3BBAA6D921FFE67000861707 /* ComingSoonFreeViewController.swift */,
				3BBAA6DD21FFE68E00861707 /* CompletionViewController.swift */,
				3BBAA6DB21FFE67900861707 /* PickViewController.swift */,
				3BBAA6E12200207800861707 /* TabBar.storyboard */,
			);
			path = TabBar;
			sourceTree = "<group>";
		};
		B8ABD49021FEACD800454AF3 = {
			isa = PBXGroup;
			children = (
				B8ABD49B21FEACD800454AF3 /* DaumWebtoon */,
				B8ABD49A21FEACD800454AF3 /* Products */,
			);
			sourceTree = "<group>";
		};
		B8ABD49A21FEACD800454AF3 /* Products */ = {
			isa = PBXGroup;
			children = (
				B8ABD49921FEACD800454AF3 /* DaumWebtoon.app */,
			);
			name = Products;
			sourceTree = "<group>";
		};
		B8ABD49B21FEACD800454AF3 /* DaumWebtoon */ = {
			isa = PBXGroup;
			children = (
				3BBAA6D121FFE07500861707 /* ViewControllers */,
				B8ABD49C21FEACD800454AF3 /* AppDelegate.swift */,
				B8ABD49E21FEACD800454AF3 /* ViewController.swift */,
				B8ABD4A021FEACD800454AF3 /* Main.storyboard */,
				B8ABD4A321FEACD900454AF3 /* Assets.xcassets */,
				B8ABD4A521FEACDA00454AF3 /* LaunchScreen.storyboard */,
				B8ABD4A821FEACDA00454AF3 /* Info.plist */,
			);
			path = DaumWebtoon;
			sourceTree = "<group>";
		};
/* End PBXGroup section */

/* Begin PBXNativeTarget section */
		B8ABD49821FEACD800454AF3 /* DaumWebtoon */ = {
			isa = PBXNativeTarget;
			buildConfigurationList = B8ABD4AB21FEACDA00454AF3 /* Build configuration list for PBXNativeTarget "DaumWebtoon" */;
			buildPhases = (
				B8ABD49521FEACD800454AF3 /* Sources */,
				B8ABD49621FEACD800454AF3 /* Frameworks */,
				B8ABD49721FEACD800454AF3 /* Resources */,
			);
			buildRules = (
			);
			dependencies = (
			);
			name = DaumWebtoon;
			productName = DaumWebtoon;
			productReference = B8ABD49921FEACD800454AF3 /* DaumWebtoon.app */;
			productType = "com.apple.product-type.application";
		};
/* End PBXNativeTarget section */

/* Begin PBXProject section */
		B8ABD49121FEACD800454AF3 /* Project object */ = {
			isa = PBXProject;
			attributes = {
				LastSwiftUpdateCheck = 1010;
				LastUpgradeCheck = 1010;
				ORGANIZATIONNAME = "Gaon Kim";
				TargetAttributes = {
					B8ABD49821FEACD800454AF3 = {
						CreatedOnToolsVersion = 10.1;
					};
				};
			};
			buildConfigurationList = B8ABD49421FEACD800454AF3 /* Build configuration list for PBXProject "DaumWebtoon" */;
			compatibilityVersion = "Xcode 9.3";
			developmentRegion = en;
			hasScannedForEncodings = 0;
			knownRegions = (
				en,
				Base,
			);
			mainGroup = B8ABD49021FEACD800454AF3;
			productRefGroup = B8ABD49A21FEACD800454AF3 /* Products */;
			projectDirPath = "";
			projectRoot = "";
			targets = (
				B8ABD49821FEACD800454AF3 /* DaumWebtoon */,
			);
		};
/* End PBXProject section */

/* Begin PBXResourcesBuildPhase section */
		B8ABD49721FEACD800454AF3 /* Resources */ = {
			isa = PBXResourcesBuildPhase;
			buildActionMask = 2147483647;
			files = (
				3BBAA6E22200207800861707 /* TabBar.storyboard in Resources */,
				B8ABD4A721FEACDA00454AF3 /* LaunchScreen.storyboard in Resources */,
				B8ABD4A421FEACD900454AF3 /* Assets.xcassets in Resources */,
				B8ABD4A221FEACD800454AF3 /* Main.storyboard in Resources */,
			);
			runOnlyForDeploymentPostprocessing = 0;
		};
/* End PBXResourcesBuildPhase section */

/* Begin PBXSourcesBuildPhase section */
		B8ABD49521FEACD800454AF3 /* Sources */ = {
			isa = PBXSourcesBuildPhase;
			buildActionMask = 2147483647;
			files = (
				B8ABD49F21FEACD800454AF3 /* ViewController.swift in Sources */,
				3BBAA6D321FFE0B300861707 /* TabBarViewController.swift in Sources */,
				3BBAA6DE21FFE68E00861707 /* CompletionViewController.swift in Sources */,
				3BBAA6DC21FFE67900861707 /* PickViewController.swift in Sources */,
				B8ABD49D21FEACD800454AF3 /* AppDelegate.swift in Sources */,
				3BBAA6D821FFE5EF00861707 /* SeriesViewController.swift in Sources */,
				3BBAA6DA21FFE67000861707 /* ComingSoonFreeViewController.swift in Sources */,
				3BBAA6D621FFE5BA00861707 /* CacheViewController.swift in Sources */,
			);
			runOnlyForDeploymentPostprocessing = 0;
		};
/* End PBXSourcesBuildPhase section */

/* Begin PBXVariantGroup section */
		B8ABD4A021FEACD800454AF3 /* Main.storyboard */ = {
			isa = PBXVariantGroup;
			children = (
				B8ABD4A121FEACD800454AF3 /* Base */,
			);
			name = Main.storyboard;
			sourceTree = "<group>";
		};
		B8ABD4A521FEACDA00454AF3 /* LaunchScreen.storyboard */ = {
			isa = PBXVariantGroup;
			children = (
				B8ABD4A621FEACDA00454AF3 /* Base */,
			);
			name = LaunchScreen.storyboard;
			sourceTree = "<group>";
		};
/* End PBXVariantGroup section */

/* Begin XCBuildConfiguration section */
		B8ABD4A921FEACDA00454AF3 /* Debug */ = {
			isa = XCBuildConfiguration;
			buildSettings = {
				ALWAYS_SEARCH_USER_PATHS = NO;
				CLANG_ANALYZER_NONNULL = YES;
				CLANG_ANALYZER_NUMBER_OBJECT_CONVERSION = YES_AGGRESSIVE;
				CLANG_CXX_LANGUAGE_STANDARD = "gnu++14";
				CLANG_CXX_LIBRARY = "libc++";
				CLANG_ENABLE_MODULES = YES;
				CLANG_ENABLE_OBJC_ARC = YES;
				CLANG_ENABLE_OBJC_WEAK = YES;
				CLANG_WARN_BLOCK_CAPTURE_AUTORELEASING = YES;
				CLANG_WARN_BOOL_CONVERSION = YES;
				CLANG_WARN_COMMA = YES;
				CLANG_WARN_CONSTANT_CONVERSION = YES;
				CLANG_WARN_DEPRECATED_OBJC_IMPLEMENTATIONS = YES;
				CLANG_WARN_DIRECT_OBJC_ISA_USAGE = YES_ERROR;
				CLANG_WARN_DOCUMENTATION_COMMENTS = YES;
				CLANG_WARN_EMPTY_BODY = YES;
				CLANG_WARN_ENUM_CONVERSION = YES;
				CLANG_WARN_INFINITE_RECURSION = YES;
				CLANG_WARN_INT_CONVERSION = YES;
				CLANG_WARN_NON_LITERAL_NULL_CONVERSION = YES;
				CLANG_WARN_OBJC_IMPLICIT_RETAIN_SELF = YES;
				CLANG_WARN_OBJC_LITERAL_CONVERSION = YES;
				CLANG_WARN_OBJC_ROOT_CLASS = YES_ERROR;
				CLANG_WARN_RANGE_LOOP_ANALYSIS = YES;
				CLANG_WARN_STRICT_PROTOTYPES = YES;
				CLANG_WARN_SUSPICIOUS_MOVE = YES;
				CLANG_WARN_UNGUARDED_AVAILABILITY = YES_AGGRESSIVE;
				CLANG_WARN_UNREACHABLE_CODE = YES;
				CLANG_WARN__DUPLICATE_METHOD_MATCH = YES;
				CODE_SIGN_IDENTITY = "iPhone Developer";
				COPY_PHASE_STRIP = NO;
				DEBUG_INFORMATION_FORMAT = dwarf;
				ENABLE_STRICT_OBJC_MSGSEND = YES;
				ENABLE_TESTABILITY = YES;
				GCC_C_LANGUAGE_STANDARD = gnu11;
				GCC_DYNAMIC_NO_PIC = NO;
				GCC_NO_COMMON_BLOCKS = YES;
				GCC_OPTIMIZATION_LEVEL = 0;
				GCC_PREPROCESSOR_DEFINITIONS = (
					"DEBUG=1",
					"$(inherited)",
				);
				GCC_WARN_64_TO_32_BIT_CONVERSION = YES;
				GCC_WARN_ABOUT_RETURN_TYPE = YES_ERROR;
				GCC_WARN_UNDECLARED_SELECTOR = YES;
				GCC_WARN_UNINITIALIZED_AUTOS = YES_AGGRESSIVE;
				GCC_WARN_UNUSED_FUNCTION = YES;
				GCC_WARN_UNUSED_VARIABLE = YES;
				IPHONEOS_DEPLOYMENT_TARGET = 12.1;
				MTL_ENABLE_DEBUG_INFO = INCLUDE_SOURCE;
				MTL_FAST_MATH = YES;
				ONLY_ACTIVE_ARCH = YES;
				SDKROOT = iphoneos;
				SWIFT_ACTIVE_COMPILATION_CONDITIONS = DEBUG;
				SWIFT_OPTIMIZATION_LEVEL = "-Onone";
			};
			name = Debug;
		};
		B8ABD4AA21FEACDA00454AF3 /* Release */ = {
			isa = XCBuildConfiguration;
			buildSettings = {
				ALWAYS_SEARCH_USER_PATHS = NO;
				CLANG_ANALYZER_NONNULL = YES;
				CLANG_ANALYZER_NUMBER_OBJECT_CONVERSION = YES_AGGRESSIVE;
				CLANG_CXX_LANGUAGE_STANDARD = "gnu++14";
				CLANG_CXX_LIBRARY = "libc++";
				CLANG_ENABLE_MODULES = YES;
				CLANG_ENABLE_OBJC_ARC = YES;
				CLANG_ENABLE_OBJC_WEAK = YES;
				CLANG_WARN_BLOCK_CAPTURE_AUTORELEASING = YES;
				CLANG_WARN_BOOL_CONVERSION = YES;
				CLANG_WARN_COMMA = YES;
				CLANG_WARN_CONSTANT_CONVERSION = YES;
				CLANG_WARN_DEPRECATED_OBJC_IMPLEMENTATIONS = YES;
				CLANG_WARN_DIRECT_OBJC_ISA_USAGE = YES_ERROR;
				CLANG_WARN_DOCUMENTATION_COMMENTS = YES;
				CLANG_WARN_EMPTY_BODY = YES;
				CLANG_WARN_ENUM_CONVERSION = YES;
				CLANG_WARN_INFINITE_RECURSION = YES;
				CLANG_WARN_INT_CONVERSION = YES;
				CLANG_WARN_NON_LITERAL_NULL_CONVERSION = YES;
				CLANG_WARN_OBJC_IMPLICIT_RETAIN_SELF = YES;
				CLANG_WARN_OBJC_LITERAL_CONVERSION = YES;
				CLANG_WARN_OBJC_ROOT_CLASS = YES_ERROR;
				CLANG_WARN_RANGE_LOOP_ANALYSIS = YES;
				CLANG_WARN_STRICT_PROTOTYPES = YES;
				CLANG_WARN_SUSPICIOUS_MOVE = YES;
				CLANG_WARN_UNGUARDED_AVAILABILITY = YES_AGGRESSIVE;
				CLANG_WARN_UNREACHABLE_CODE = YES;
				CLANG_WARN__DUPLICATE_METHOD_MATCH = YES;
				CODE_SIGN_IDENTITY = "iPhone Developer";
				COPY_PHASE_STRIP = NO;
				DEBUG_INFORMATION_FORMAT = "dwarf-with-dsym";
				ENABLE_NS_ASSERTIONS = NO;
				ENABLE_STRICT_OBJC_MSGSEND = YES;
				GCC_C_LANGUAGE_STANDARD = gnu11;
				GCC_NO_COMMON_BLOCKS = YES;
				GCC_WARN_64_TO_32_BIT_CONVERSION = YES;
				GCC_WARN_ABOUT_RETURN_TYPE = YES_ERROR;
				GCC_WARN_UNDECLARED_SELECTOR = YES;
				GCC_WARN_UNINITIALIZED_AUTOS = YES_AGGRESSIVE;
				GCC_WARN_UNUSED_FUNCTION = YES;
				GCC_WARN_UNUSED_VARIABLE = YES;
				IPHONEOS_DEPLOYMENT_TARGET = 12.1;
				MTL_ENABLE_DEBUG_INFO = NO;
				MTL_FAST_MATH = YES;
				SDKROOT = iphoneos;
				SWIFT_COMPILATION_MODE = wholemodule;
				SWIFT_OPTIMIZATION_LEVEL = "-O";
				VALIDATE_PRODUCT = YES;
			};
			name = Release;
		};
		B8ABD4AC21FEACDA00454AF3 /* Debug */ = {
			isa = XCBuildConfiguration;
			buildSettings = {
				ASSETCATALOG_COMPILER_APPICON_NAME = AppIcon;
				CODE_SIGN_STYLE = Automatic;
				DEVELOPMENT_TEAM = U38RWYJ536;
				INFOPLIST_FILE = DaumWebtoon/Info.plist;
				LD_RUNPATH_SEARCH_PATHS = (
					"$(inherited)",
					"@executable_path/Frameworks",
				);
				PRODUCT_BUNDLE_IDENTIFIER = com.gaonk.DaumWebtoon;
				PRODUCT_NAME = "$(TARGET_NAME)";
				SWIFT_VERSION = 4.2;
				TARGETED_DEVICE_FAMILY = "1,2";
			};
			name = Debug;
		};
		B8ABD4AD21FEACDA00454AF3 /* Release */ = {
			isa = XCBuildConfiguration;
			buildSettings = {
				ASSETCATALOG_COMPILER_APPICON_NAME = AppIcon;
				CODE_SIGN_STYLE = Automatic;
				DEVELOPMENT_TEAM = U38RWYJ536;
				INFOPLIST_FILE = DaumWebtoon/Info.plist;
				LD_RUNPATH_SEARCH_PATHS = (
					"$(inherited)",
					"@executable_path/Frameworks",
				);
				PRODUCT_BUNDLE_IDENTIFIER = com.gaonk.DaumWebtoon;
				PRODUCT_NAME = "$(TARGET_NAME)";
				SWIFT_VERSION = 4.2;
				TARGETED_DEVICE_FAMILY = "1,2";
			};
			name = Release;
		};
/* End XCBuildConfiguration section */

/* Begin XCConfigurationList section */
		B8ABD49421FEACD800454AF3 /* Build configuration list for PBXProject "DaumWebtoon" */ = {
			isa = XCConfigurationList;
			buildConfigurations = (
				B8ABD4A921FEACDA00454AF3 /* Debug */,
				B8ABD4AA21FEACDA00454AF3 /* Release */,
			);
			defaultConfigurationIsVisible = 0;
			defaultConfigurationName = Release;
		};
		B8ABD4AB21FEACDA00454AF3 /* Build configuration list for PBXNativeTarget "DaumWebtoon" */ = {
			isa = XCConfigurationList;
			buildConfigurations = (
				B8ABD4AC21FEACDA00454AF3 /* Debug */,
				B8ABD4AD21FEACDA00454AF3 /* Release */,
			);
			defaultConfigurationIsVisible = 0;
			defaultConfigurationName = Release;
		};
/* End XCConfigurationList section */
	};
	rootObject = B8ABD49121FEACD800454AF3 /* Project object */;
}
